
Microsoft Visual Studio Solution File, Format Version 12.00
# Visual Studio Version 17
VisualStudioVersion = 17.0.32014.148
MinimumVisualStudioVersion = 10.0.40219.1
Project("{FAE04EC0-301F-11D3-BF4B-00C04F79EFBC}") = "PlantsWatering.Server", "Server\PlantsWatering.Server.csproj", "{B8C2D7FC-C92C-426A-B228-524EF9C1261F}"
EndProject
Project("{FAE04EC0-301F-11D3-BF4B-00C04F79EFBC}") = "PlantsWatering.Client", "Client\PlantsWatering.Client.csproj", "{E9824293-6215-46FA-A72F-5652DD9A3777}"
EndProject
Project("{FAE04EC0-301F-11D3-BF4B-00C04F79EFBC}") = "PlantsWatering.Shared", "Shared\PlantsWatering.Shared.csproj", "{A6B77664-878D-4182-8F51-A9F0AFF9937E}"
EndProject
Global
	GlobalSection(SolutionConfigurationPlatforms) = preSolution
		Debug|Any CPU = Debug|Any CPU
		Release|Any CPU = Release|Any CPU
	EndGlobalSection
	GlobalSection(ProjectConfigurationPlatforms) = postSolution
		{B8C2D7FC-C92C-426A-B228-524EF9C1261F}.Debug|Any CPU.ActiveCfg = Debug|Any CPU
		{B8C2D7FC-C92C-426A-B228-524EF9C1261F}.Debug|Any CPU.Build.0 = Debug|Any CPU
		{B8C2D7FC-C92C-426A-B228-524EF9C1261F}.Release|Any CPU.ActiveCfg = Release|Any CPU
		{B8C2D7FC-C92C-426A-B228-524EF9C1261F}.Release|Any CPU.Build.0 = Release|Any CPU
		{E9824293-6215-46FA-A72F-5652DD9A3777}.Debug|Any CPU.ActiveCfg = Debug|Any CPU
		{E9824293-6215-46FA-A72F-5652DD9A3777}.Debug|Any CPU.Build.0 = Debug|Any CPU
		{E9824293-6215-46FA-A72F-5652DD9A3777}.Release|Any CPU.ActiveCfg = Release|Any CPU
		{E9824293-6215-46FA-A72F-5652DD9A3777}.Release|Any CPU.Build.0 = Release|Any CPU
		{A6B77664-878D-4182-8F51-A9F0AFF9937E}.Debug|Any CPU.ActiveCfg = Debug|Any CPU
		{A6B77664-878D-4182-8F51-A9F0AFF9937E}.Debug|Any CPU.Build.0 = Debug|Any CPU
		{A6B77664-878D-4182-8F51-A9F0AFF9937E}.Release|Any CPU.ActiveCfg = Release|Any CPU
		{A6B77664-878D-4182-8F51-A9F0AFF9937E}.Release|Any CPU.Build.0 = Release|Any CPU
	EndGlobalSection
	GlobalSection(SolutionProperties) = preSolution
		HideSolutionNode = FALSE
	EndGlobalSection
	GlobalSection(ExtensibilityGlobals) = postSolution
		SolutionGuid = {AB3EE86A-247E-4E8B-82E2-2C07E29F0B11}
	EndGlobalSection
EndGlobal
